
Microsoft Visual Studio Solution File, Format Version 12.00
# Visual Studio Version 17
VisualStudioVersion = 17.9.34902.65
MinimumVisualStudioVersion = 10.0.40219.1
Project("{FAE04EC0-301F-11D3-BF4B-00C04F79EFBC}") = "IOTAPI", "IOTAPI.csproj", "{50EE1B55-237F-487A-894A-2C1D1597FDAE}"
EndProject
Global
	GlobalSection(SolutionConfigurationPlatforms) = preSolution
		Debug|Any CPU = Debug|Any CPU
		Release|Any CPU = Release|Any CPU
	EndGlobalSection
	GlobalSection(ProjectConfigurationPlatforms) = postSolution
		{50EE1B55-237F-487A-894A-2C1D1597FDAE}.Debug|Any CPU.ActiveCfg = Debug|Any CPU
		{50EE1B55-237F-487A-894A-2C1D1597FDAE}.Debug|Any CPU.Build.0 = Debug|Any CPU
		{50EE1B55-237F-487A-894A-2C1D1597FDAE}.Release|Any CPU.ActiveCfg = Release|Any CPU
		{50EE1B55-237F-487A-894A-2C1D1597FDAE}.Release|Any CPU.Build.0 = Release|Any CPU
	EndGlobalSection
	GlobalSection(SolutionProperties) = preSolution
		HideSolutionNode = FALSE
	EndGlobalSection
	GlobalSection(ExtensibilityGlobals) = postSolution
		SolutionGuid = {3F8D5F1E-ED46-413B-8DF2-7B81213E03D5}
	EndGlobalSection
EndGlobal
