
Microsoft Visual Studio Solution File, Format Version 12.00
# Visual Studio Version 17
VisualStudioVersion = 17.9.34902.65
MinimumVisualStudioVersion = 10.0.40219.1
Project("{FAE04EC0-301F-11D3-BF4B-00C04F79EFBC}") = "Cloud", "Cloud.csproj", "{051BA2DF-BD9F-4B94-B9A6-E6E1E568EAEE}"
EndProject
Global
	GlobalSection(SolutionConfigurationPlatforms) = preSolution
		Debug|Any CPU = Debug|Any CPU
		Release|Any CPU = Release|Any CPU
	EndGlobalSection
	GlobalSection(ProjectConfigurationPlatforms) = postSolution
		{051BA2DF-BD9F-4B94-B9A6-E6E1E568EAEE}.Debug|Any CPU.ActiveCfg = Debug|Any CPU
		{051BA2DF-BD9F-4B94-B9A6-E6E1E568EAEE}.Debug|Any CPU.Build.0 = Debug|Any CPU
		{051BA2DF-BD9F-4B94-B9A6-E6E1E568EAEE}.Release|Any CPU.ActiveCfg = Release|Any CPU
		{051BA2DF-BD9F-4B94-B9A6-E6E1E568EAEE}.Release|Any CPU.Build.0 = Release|Any CPU
	EndGlobalSection
	GlobalSection(SolutionProperties) = preSolution
		HideSolutionNode = FALSE
	EndGlobalSection
	GlobalSection(ExtensibilityGlobals) = postSolution
		SolutionGuid = {3134A979-FD57-42B5-9541-0E0E85AF6EB6}
	EndGlobalSection
EndGlobal
